{
  "name": "lab4",
  "lockfileVersion": 2,
  "requires": true,
  "packages": {
    "": {
      "dependencies": {
        "ice": "^3.7.100"
      }
    },
    "node_modules/ice": {
      "version": "3.7.100",
      "resolved": "https://registry.npmjs.org/ice/-/ice-3.7.100.tgz",
      "integrity": "sha512-bpuU3pT7pgCz1Ku04Xpydx6Q0KSbJTxOb5RZ0YqHH64YVn/06LRE7kglRW4qJxiy1pN0C0/MmZ6FlBRYVzmImg==",
      "engines": {
        "node": ">=0.10.0"
      }
    }
  },
  "dependencies": {
    "ice": {
      "version": "3.7.100",
      "resolved": "https://registry.npmjs.org/ice/-/ice-3.7.100.tgz",
      "integrity": "sha512-bpuU3pT7pgCz1Ku04Xpydx6Q0KSbJTxOb5RZ0YqHH64YVn/06LRE7kglRW4qJxiy1pN0C0/MmZ6FlBRYVzmImg=="
    }
  }
}
